
Microsoft Visual Studio Solution File, Format Version 12.00
# Visual Studio Version 17
VisualStudioVersion = 17.9.34728.123
MinimumVisualStudioVersion = 10.0.40219.1
Project("{FAE04EC0-301F-11D3-BF4B-00C04F79EFBC}") = "MiniNetflix", "MiniNetflix\MiniNetflix.csproj", "{BAA003AB-F822-42A6-BB3E-790BB39A80C4}"
EndProject
Project("{2150E333-8FDC-42A3-9474-1A3956D46DE8}") = "src", "src", "{156C1BC4-078B-41C9-8388-72CF8F051A35}"
EndProject
Project("{2150E333-8FDC-42A3-9474-1A3956D46DE8}") = "Core", "Core", "{1B08FA39-3A5E-4163-B199-4D2EF9D714C6}"
EndProject
Project("{2150E333-8FDC-42A3-9474-1A3956D46DE8}") = "Presentation", "Presentation", "{11A792E8-E08A-4266-A3FC-1A032F6919A7}"
EndProject
Project("{2150E333-8FDC-42A3-9474-1A3956D46DE8}") = "Infrastructure", "Infrastructure", "{E3B57CE6-553F-4753-89D5-EF0D446D9A47}"
EndProject
Project("{2150E333-8FDC-42A3-9474-1A3956D46DE8}") = "WebApi", "WebApi", "{F745BA09-BD9E-4893-AFAC-E591BF73392D}"
EndProject
Project("{FAE04EC0-301F-11D3-BF4B-00C04F79EFBC}") = "MiniNetflix.Core.Application", "MiniNetflix.Core.Application\MiniNetflix.Core.Application.csproj", "{66383695-4907-44D4-8629-41BAEE2F9FAE}"
EndProject
Global
	GlobalSection(SolutionConfigurationPlatforms) = preSolution
		Debug|Any CPU = Debug|Any CPU
		Release|Any CPU = Release|Any CPU
	EndGlobalSection
	GlobalSection(ProjectConfigurationPlatforms) = postSolution
		{BAA003AB-F822-42A6-BB3E-790BB39A80C4}.Debug|Any CPU.ActiveCfg = Debug|Any CPU
		{BAA003AB-F822-42A6-BB3E-790BB39A80C4}.Debug|Any CPU.Build.0 = Debug|Any CPU
		{BAA003AB-F822-42A6-BB3E-790BB39A80C4}.Release|Any CPU.ActiveCfg = Release|Any CPU
		{BAA003AB-F822-42A6-BB3E-790BB39A80C4}.Release|Any CPU.Build.0 = Release|Any CPU
		{66383695-4907-44D4-8629-41BAEE2F9FAE}.Debug|Any CPU.ActiveCfg = Debug|Any CPU
		{66383695-4907-44D4-8629-41BAEE2F9FAE}.Debug|Any CPU.Build.0 = Debug|Any CPU
		{66383695-4907-44D4-8629-41BAEE2F9FAE}.Release|Any CPU.ActiveCfg = Release|Any CPU
		{66383695-4907-44D4-8629-41BAEE2F9FAE}.Release|Any CPU.Build.0 = Release|Any CPU
	EndGlobalSection
	GlobalSection(SolutionProperties) = preSolution
		HideSolutionNode = FALSE
	EndGlobalSection
	GlobalSection(NestedProjects) = preSolution
		{BAA003AB-F822-42A6-BB3E-790BB39A80C4} = {F745BA09-BD9E-4893-AFAC-E591BF73392D}
		{1B08FA39-3A5E-4163-B199-4D2EF9D714C6} = {156C1BC4-078B-41C9-8388-72CF8F051A35}
		{11A792E8-E08A-4266-A3FC-1A032F6919A7} = {156C1BC4-078B-41C9-8388-72CF8F051A35}
		{E3B57CE6-553F-4753-89D5-EF0D446D9A47} = {156C1BC4-078B-41C9-8388-72CF8F051A35}
		{F745BA09-BD9E-4893-AFAC-E591BF73392D} = {11A792E8-E08A-4266-A3FC-1A032F6919A7}
		{66383695-4907-44D4-8629-41BAEE2F9FAE} = {1B08FA39-3A5E-4163-B199-4D2EF9D714C6}
	EndGlobalSection
	GlobalSection(ExtensibilityGlobals) = postSolution
		SolutionGuid = {543C70E8-80BA-4C80-BC48-DAB5F9EF30E0}
	EndGlobalSection
EndGlobal
